
Microsoft Visual Studio Solution File, Format Version 12.00
# Visual Studio Version 16
VisualStudioVersion = 16.0.29509.3
MinimumVisualStudioVersion = 10.0.40219.1
Project("{FAE04EC0-301F-11D3-BF4B-00C04F79EFBC}") = "aspnetcore2.0", "aspnetcore2.0\aspnetcore2.0.csproj", "{099B8EBF-3E50-4815-A69D-028C1B3F2FD7}"
EndProject
Global
	GlobalSection(SolutionConfigurationPlatforms) = preSolution
		Debug|Any CPU = Debug|Any CPU
		Release|Any CPU = Release|Any CPU
	EndGlobalSection
	GlobalSection(ProjectConfigurationPlatforms) = postSolution
		{099B8EBF-3E50-4815-A69D-028C1B3F2FD7}.Debug|Any CPU.ActiveCfg = Debug|Any CPU
		{099B8EBF-3E50-4815-A69D-028C1B3F2FD7}.Debug|Any CPU.Build.0 = Debug|Any CPU
		{099B8EBF-3E50-4815-A69D-028C1B3F2FD7}.Release|Any CPU.ActiveCfg = Release|Any CPU
		{099B8EBF-3E50-4815-A69D-028C1B3F2FD7}.Release|Any CPU.Build.0 = Release|Any CPU
	EndGlobalSection
	GlobalSection(SolutionProperties) = preSolution
		HideSolutionNode = FALSE
	EndGlobalSection
	GlobalSection(ExtensibilityGlobals) = postSolution
		SolutionGuid = {C4BE2C07-2267-4692-AC3C-7A9498681C23}
	EndGlobalSection
EndGlobal
